version: 2.0
shards:
  ameba:
    git: https://github.com/crystal-ameba/ameba.git
    version: 1.5.0

  config:
    git: https://github.com/wyhaines/config.cr.git
    version: 0.1.0

  csuuid:
    git: https://github.com/wyhaines/csuuid.cr.git
    version: 1.0.0

  defined:
    git: https://github.com/wyhaines/defined.cr.git
    version: 0.3.6

  ioctl:
    git: https://github.com/crystal-posix/ioctl.cr.git
    version: 1.0.0

  parse_date:
    git: https://github.com/wyhaines/parsedate.cr.git
    version: 0.1.2

  term-screen:
    git: https://github.com/crystal-term/screen.git
    version: 0.1.0+git.commit.ea51ee8d1f6c286573c41a7e784d31c80af7b9bb

  time-ext:
    git: https://github.com/wyhaines/time-ext.cr.git
    version: 0.1.0+git.commit.175f658235fb6cdc9c804cb96da510fec27f4cd6

